// !$*UTF8*$!
{
	archiveVersion = 1;
	classes = {
	};
	objectVersion = 46;
	objects = {

/* Begin PBXBuildFile section */
		F7AD60131C9E9E7D009071AB /* main.m in Sources */ = {isa = PBXBuildFile; fileRef = F7AD60121C9E9E7D009071AB /* main.m */; };
		F7AD60161C9E9E7D009071AB /* AppDelegate.m in Sources */ = {isa = PBXBuildFile; fileRef = F7AD60151C9E9E7D009071AB /* AppDelegate.m */; };
		F7AD60191C9E9E7D009071AB /* ViewController.m in Sources */ = {isa = PBXBuildFile; fileRef = F7AD60181C9E9E7D009071AB /* ViewController.m */; };
		F7AD601C1C9E9E7D009071AB /* Main.storyboard in Resources */ = {isa = PBXBuildFile; fileRef = F7AD601A1C9E9E7D009071AB /* Main.storyboard */; };
		F7AD601E1C9E9E7D009071AB /* Assets.xcassets in Resources */ = {isa = PBXBuildFile; fileRef = F7AD601D1C9E9E7D009071AB /* Assets.xcassets */; };
		F7AD60211C9E9E7D009071AB /* LaunchScreen.storyboard in Resources */ = {isa = PBXBuildFile; fileRef = F7AD601F1C9E9E7D009071AB /* LaunchScreen.storyboard */; };
		F7AD602C1C9E9E7D009071AB /* IHADTests.m in Sources */ = {isa = PBXBuildFile; fileRef = F7AD602B1C9E9E7D009071AB /* IHADTests.m */; };
		F7AD60371C9E9E7D009071AB /* IHADUITests.m in Sources */ = {isa = PBXBuildFile; fileRef = F7AD60361C9E9E7D009071AB /* IHADUITests.m */; };
/* End PBXBuildFile section */

/* Begin PBXContainerItemProxy section */
		F7AD60281C9E9E7D009071AB /* PBXContainerItemProxy */ = {
			isa = PBXContainerItemProxy;
			containerPortal = F7AD60061C9E9E7D009071AB /* Project object */;
			proxyType = 1;
			remoteGlobalIDString = F7AD600D1C9E9E7D009071AB;
			remoteInfo = IHAD;
		};
		F7AD60331C9E9E7D009071AB /* PBXContainerItemProxy */ = {
			isa = PBXContainerItemProxy;
			containerPortal = F7AD60061C9E9E7D009071AB /* Project object */;
			proxyType = 1;
			remoteGlobalIDString = F7AD600D1C9E9E7D009071AB;
			remoteInfo = IHAD;
		};
/* End PBXContainerItemProxy section */

/* Begin PBXFileReference section */
		F7AD600E1C9E9E7D009071AB /* IHAD.app */ = {isa = PBXFileReference; explicitFileType = wrapper.application; includeInIndex = 0; path = IHAD.app; sourceTree = BUILT_PRODUCTS_DIR; };
		F7AD60121C9E9E7D009071AB /* main.m */ = {isa = PBXFileReference; lastKnownFileType = sourcecode.c.objc; path = main.m; sourceTree = "<group>"; };
		F7AD60141C9E9E7D009071AB /* AppDelegate.h */ = {isa = PBXFileReference; lastKnownFileType = sourcecode.c.h; path = AppDelegate.h; sourceTree = "<group>"; };
		F7AD60151C9E9E7D009071AB /* AppDelegate.m */ = {isa = PBXFileReference; lastKnownFileType = sourcecode.c.objc; path = AppDelegate.m; sourceTree = "<group>"; };
		F7AD60171C9E9E7D009071AB /* ViewController.h */ = {isa = PBXFileReference; lastKnownFileType = sourcecode.c.h; path = ViewController.h; sourceTree = "<group>"; };
		F7AD60181C9E9E7D009071AB /* ViewController.m */ = {isa = PBXFileReference; lastKnownFileType = sourcecode.c.objc; path = ViewController.m; sourceTree = "<group>"; };
		F7AD601B1C9E9E7D009071AB /* Base */ = {isa = PBXFileReference; lastKnownFileType = file.storyboard; name = Base; path = Base.lproj/Main.storyboard; sourceTree = "<group>"; };
		F7AD601D1C9E9E7D009071AB /* Assets.xcassets */ = {isa = PBXFileReference; lastKnownFileType = folder.assetcatalog; path = Assets.xcassets; sourceTree = "<group>"; };
		F7AD60201C9E9E7D009071AB /* Base */ = {isa = PBXFileReference; lastKnownFileType = file.storyboard; name = Base; path = Base.lproj/LaunchScreen.storyboard; sourceTree = "<group>"; };
		F7AD60221C9E9E7D009071AB /* Info.plist */ = {isa = PBXFileReference; lastKnownFileType = text.plist.xml; path = Info.plist; sourceTree = "<group>"; };
		F7AD60271C9E9E7D009071AB /* IHADTests.xctest */ = {isa = PBXFileReference; explicitFileType = wrapper.cfbundle; includeInIndex = 0; path = IHADTests.xctest; sourceTree = BUILT_PRODUCTS_DIR; };
		F7AD602B1C9E9E7D009071AB /* IHADTests.m */ = {isa = PBXFileReference; lastKnownFileType = sourcecode.c.objc; path = IHADTests.m; sourceTree = "<group>"; };
		F7AD602D1C9E9E7D009071AB /* Info.plist */ = {isa = PBXFileReference; lastKnownFileType = text.plist.xml; path = Info.plist; sourceTree = "<group>"; };
		F7AD60321C9E9E7D009071AB /* IHADUITests.xctest */ = {isa = PBXFileReference; explicitFileType = wrapper.cfbundle; includeInIndex = 0; path = IHADUITests.xctest; sourceTree = BUILT_PRODUCTS_DIR; };
		F7AD60361C9E9E7D009071AB /* IHADUITests.m */ = {isa = PBXFileReference; lastKnownFileType = sourcecode.c.objc; path = IHADUITests.m; sourceTree = "<group>"; };
		F7AD60381C9E9E7D009071AB /* Info.plist */ = {isa = PBXFileReference; lastKnownFileType = text.plist.xml; path = Info.plist; sourceTree = "<group>"; };
/* End PBXFileReference section */

/* Begin PBXFrameworksBuildPhase section */
		F7AD600B1C9E9E7D009071AB /* Frameworks */ = {
			isa = PBXFrameworksBuildPhase;
			buildActionMask = 2147483647;
			files = (
			);
			runOnlyForDeploymentPostprocessing = 0;
		};
		F7AD60241C9E9E7D009071AB /* Frameworks */ = {
			isa = PBXFrameworksBuildPhase;
			buildActionMask = 2147483647;
			files = (
			);
			runOnlyForDeploymentPostprocessing = 0;
		};
		F7AD602F1C9E9E7D009071AB /* Frameworks */ = {
			isa = PBXFrameworksBuildPhase;
			buildActionMask = 2147483647;
			files = (
			);
			runOnlyForDeploymentPostprocessing = 0;
		};
/* End PBXFrameworksBuildPhase section */

/* Begin PBXGroup section */
		F7AD60051C9E9E7D009071AB = {
			isa = PBXGroup;
			children = (
				F7AD60101C9E9E7D009071AB /* IHAD */,
				F7AD602A1C9E9E7D009071AB /* IHADTests */,
				F7AD60351C9E9E7D009071AB /* IHADUITests */,
				F7AD600F1C9E9E7D009071AB /* Products */,
			);
			sourceTree = "<group>";
		};
		F7AD600F1C9E9E7D009071AB /* Products */ = {
			isa = PBXGroup;
			children = (
				F7AD600E1C9E9E7D009071AB /* IHAD.app */,
				F7AD60271C9E9E7D009071AB /* IHADTests.xctest */,
				F7AD60321C9E9E7D009071AB /* IHADUITests.xctest */,
			);
			name = Products;
			sourceTree = "<group>";
		};
		F7AD60101C9E9E7D009071AB /* IHAD */ = {
			isa = PBXGroup;
			children = (
				F7AD60141C9E9E7D009071AB /* AppDelegate.h */,
				F7AD60151C9E9E7D009071AB /* AppDelegate.m */,
				F7AD60171C9E9E7D009071AB /* ViewController.h */,
				F7AD60181C9E9E7D009071AB /* ViewController.m */,
				F7AD601A1C9E9E7D009071AB /* Main.storyboard */,
				F7AD601D1C9E9E7D009071AB /* Assets.xcassets */,
				F7AD601F1C9E9E7D009071AB /* LaunchScreen.storyboard */,
				F7AD60221C9E9E7D009071AB /* Info.plist */,
				F7AD60111C9E9E7D009071AB /* Supporting Files */,
			);
			path = IHAD;
			sourceTree = "<group>";
		};
		F7AD60111C9E9E7D009071AB /* Supporting Files */ = {
			isa = PBXGroup;
			children = (
				F7AD60121C9E9E7D009071AB /* main.m */,
			);
			name = "Supporting Files";
			sourceTree = "<group>";
		};
		F7AD602A1C9E9E7D009071AB /* IHADTests */ = {
			isa = PBXGroup;
			children = (
				F7AD602B1C9E9E7D009071AB /* IHADTests.m */,
				F7AD602D1C9E9E7D009071AB /* Info.plist */,
			);
			path = IHADTests;
			sourceTree = "<group>";
		};
		F7AD60351C9E9E7D009071AB /* IHADUITests */ = {
			isa = PBXGroup;
			children = (
				F7AD60361C9E9E7D009071AB /* IHADUITests.m */,
				F7AD60381C9E9E7D009071AB /* Info.plist */,
			);
			path = IHADUITests;
			sourceTree = "<group>";
		};
/* End PBXGroup section */

/* Begin PBXNativeTarget section */
		F7AD600D1C9E9E7D009071AB /* IHAD */ = {
			isa = PBXNativeTarget;
			buildConfigurationList = F7AD603B1C9E9E7D009071AB /* Build configuration list for PBXNativeTarget "IHAD" */;
			buildPhases = (
				F7AD600A1C9E9E7D009071AB /* Sources */,
				F7AD600B1C9E9E7D009071AB /* Frameworks */,
				F7AD600C1C9E9E7D009071AB /* Resources */,
			);
			buildRules = (
			);
			dependencies = (
			);
			name = IHAD;
			productName = IHAD;
			productReference = F7AD600E1C9E9E7D009071AB /* IHAD.app */;
			productType = "com.apple.product-type.application";
		};
		F7AD60261C9E9E7D009071AB /* IHADTests */ = {
			isa = PBXNativeTarget;
			buildConfigurationList = F7AD603E1C9E9E7D009071AB /* Build configuration list for PBXNativeTarget "IHADTests" */;
			buildPhases = (
				F7AD60231C9E9E7D009071AB /* Sources */,
				F7AD60241C9E9E7D009071AB /* Frameworks */,
				F7AD60251C9E9E7D009071AB /* Resources */,
			);
			buildRules = (
			);
			dependencies = (
				F7AD60291C9E9E7D009071AB /* PBXTargetDependency */,
			);
			name = IHADTests;
			productName = IHADTests;
			productReference = F7AD60271C9E9E7D009071AB /* IHADTests.xctest */;
			productType = "com.apple.product-type.bundle.unit-test";
		};
		F7AD60311C9E9E7D009071AB /* IHADUITests */ = {
			isa = PBXNativeTarget;
			buildConfigurationList = F7AD60411C9E9E7D009071AB /* Build configuration list for PBXNativeTarget "IHADUITests" */;
			buildPhases = (
				F7AD602E1C9E9E7D009071AB /* Sources */,
				F7AD602F1C9E9E7D009071AB /* Frameworks */,
				F7AD60301C9E9E7D009071AB /* Resources */,
			);
			buildRules = (
			);
			dependencies = (
				F7AD60341C9E9E7D009071AB /* PBXTargetDependency */,
			);
			name = IHADUITests;
			productName = IHADUITests;
			productReference = F7AD60321C9E9E7D009071AB /* IHADUITests.xctest */;
			productType = "com.apple.product-type.bundle.ui-testing";
		};
/* End PBXNativeTarget section */

/* Begin PBXProject section */
		F7AD60061C9E9E7D009071AB /* Project object */ = {
			isa = PBXProject;
			attributes = {
				LastUpgradeCheck = 0720;
				ORGANIZATIONNAME = marco;
				TargetAttributes = {
					F7AD600D1C9E9E7D009071AB = {
						CreatedOnToolsVersion = 7.2.1;
					};
					F7AD60261C9E9E7D009071AB = {
						CreatedOnToolsVersion = 7.2.1;
						TestTargetID = F7AD600D1C9E9E7D009071AB;
					};
					F7AD60311C9E9E7D009071AB = {
						CreatedOnToolsVersion = 7.2.1;
						TestTargetID = F7AD600D1C9E9E7D009071AB;
					};
				};
			};
			buildConfigurationList = F7AD60091C9E9E7D009071AB /* Build configuration list for PBXProject "IHAD" */;
			compatibilityVersion = "Xcode 3.2";
			developmentRegion = English;
			hasScannedForEncodings = 0;
			knownRegions = (
				en,
				Base,
			);
			mainGroup = F7AD60051C9E9E7D009071AB;
			productRefGroup = F7AD600F1C9E9E7D009071AB /* Products */;
			projectDirPath = "";
			projectRoot = "";
			targets = (
				F7AD600D1C9E9E7D009071AB /* IHAD */,
				F7AD60261C9E9E7D009071AB /* IHADTests */,
				F7AD60311C9E9E7D009071AB /* IHADUITests */,
			);
		};
/* End PBXProject section */

/* Begin PBXResourcesBuildPhase section */
		F7AD600C1C9E9E7D009071AB /* Resources */ = {
			isa = PBXResourcesBuildPhase;
			buildActionMask = 2147483647;
			files = (
				F7AD60211C9E9E7D009071AB /* LaunchScreen.storyboard in Resources */,
				F7AD601E1C9E9E7D009071AB /* Assets.xcassets in Resources */,
				F7AD601C1C9E9E7D009071AB /* Main.storyboard in Resources */,
			);
			runOnlyForDeploymentPostprocessing = 0;
		};
		F7AD60251C9E9E7D009071AB /* Resources */ = {
			isa = PBXResourcesBuildPhase;
			buildActionMask = 2147483647;
			files = (
			);
			runOnlyForDeploymentPostprocessing = 0;
		};
		F7AD60301C9E9E7D009071AB /* Resources */ = {
			isa = PBXResourcesBuildPhase;
			buildActionMask = 2147483647;
			files = (
			);
			runOnlyForDeploymentPostprocessing = 0;
		};
/* End PBXResourcesBuildPhase section */

/* Begin PBXSourcesBuildPhase section */
		F7AD600A1C9E9E7D009071AB /* Sources */ = {
			isa = PBXSourcesBuildPhase;
			buildActionMask = 2147483647;
			files = (
				F7AD60191C9E9E7D009071AB /* ViewController.m in Sources */,
				F7AD60161C9E9E7D009071AB /* AppDelegate.m in Sources */,
				F7AD60131C9E9E7D009071AB /* main.m in Sources */,
			);
			runOnlyForDeploymentPostprocessing = 0;
		};
		F7AD60231C9E9E7D009071AB /* Sources */ = {
			isa = PBXSourcesBuildPhase;
			buildActionMask = 2147483647;
			files = (
				F7AD602C1C9E9E7D009071AB /* IHADTests.m in Sources */,
			);
			runOnlyForDeploymentPostprocessing = 0;
		};
		F7AD602E1C9E9E7D009071AB /* Sources */ = {
			isa = PBXSourcesBuildPhase;
			buildActionMask = 2147483647;
			files = (
				F7AD60371C9E9E7D009071AB /* IHADUITests.m in Sources */,
			);
			runOnlyForDeploymentPostprocessing = 0;
		};
/* End PBXSourcesBuildPhase section */

/* Begin PBXTargetDependency section */
		F7AD60291C9E9E7D009071AB /* PBXTargetDependency */ = {
			isa = PBXTargetDependency;
			target = F7AD600D1C9E9E7D009071AB /* IHAD */;
			targetProxy = F7AD60281C9E9E7D009071AB /* PBXContainerItemProxy */;
		};
		F7AD60341C9E9E7D009071AB /* PBXTargetDependency */ = {
			isa = PBXTargetDependency;
			target = F7AD600D1C9E9E7D009071AB /* IHAD */;
			targetProxy = F7AD60331C9E9E7D009071AB /* PBXContainerItemProxy */;
		};
/* End PBXTargetDependency section */

/* Begin PBXVariantGroup section */
		F7AD601A1C9E9E7D009071AB /* Main.storyboard */ = {
			isa = PBXVariantGroup;
			children = (
				F7AD601B1C9E9E7D009071AB /* Base */,
			);
			name = Main.storyboard;
			sourceTree = "<group>";
		};
		F7AD601F1C9E9E7D009071AB /* LaunchScreen.storyboard */ = {
			isa = PBXVariantGroup;
			children = (
				F7AD60201C9E9E7D009071AB /* Base */,
			);
			name = LaunchScreen.storyboard;
			sourceTree = "<group>";
		};
/* End PBXVariantGroup section */

/* Begin XCBuildConfiguration section */
		F7AD60391C9E9E7D009071AB /* Debug */ = {
			isa = XCBuildConfiguration;
			buildSettings = {
				ALWAYS_SEARCH_USER_PATHS = NO;
				CLANG_CXX_LANGUAGE_STANDARD = "gnu++0x";
				CLANG_CXX_LIBRARY = "libc++";
				CLANG_ENABLE_MODULES = YES;
				CLANG_ENABLE_OBJC_ARC = YES;
				CLANG_WARN_BOOL_CONVERSION = YES;
				CLANG_WARN_CONSTANT_CONVERSION = YES;
				CLANG_WARN_DIRECT_OBJC_ISA_USAGE = YES_ERROR;
				CLANG_WARN_EMPTY_BODY = YES;
				CLANG_WARN_ENUM_CONVERSION = YES;
				CLANG_WARN_INT_CONVERSION = YES;
				CLANG_WARN_OBJC_ROOT_CLASS = YES_ERROR;
				CLANG_WARN_UNREACHABLE_CODE = YES;
				CLANG_WARN__DUPLICATE_METHOD_MATCH = YES;
				"CODE_SIGN_IDENTITY[sdk=iphoneos*]" = "iPhone Developer";
				COPY_PHASE_STRIP = NO;
				DEBUG_INFORMATION_FORMAT = dwarf;
				ENABLE_STRICT_OBJC_MSGSEND = YES;
				ENABLE_TESTABILITY = YES;
				GCC_C_LANGUAGE_STANDARD = gnu99;
				GCC_DYNAMIC_NO_PIC = NO;
				GCC_NO_COMMON_BLOCKS = YES;
				GCC_OPTIMIZATION_LEVEL = 0;
				GCC_PREPROCESSOR_DEFINITIONS = (
					"DEBUG=1",
					"$(inherited)",
				);
				GCC_WARN_64_TO_32_BIT_CONVERSION = YES;
				GCC_WARN_ABOUT_RETURN_TYPE = YES_ERROR;
				GCC_WARN_UNDECLARED_SELECTOR = YES;
				GCC_WARN_UNINITIALIZED_AUTOS = YES_AGGRESSIVE;
				GCC_WARN_UNUSED_FUNCTION = YES;
				GCC_WARN_UNUSED_VARIABLE = YES;
				IPHONEOS_DEPLOYMENT_TARGET = 9.2;
				MTL_ENABLE_DEBUG_INFO = YES;
				ONLY_ACTIVE_ARCH = YES;
				SDKROOT = iphoneos;
			};
			name = Debug;
		};
		F7AD603A1C9E9E7D009071AB /* Release */ = {
			isa = XCBuildConfiguration;
			buildSettings = {
				ALWAYS_SEARCH_USER_PATHS = NO;
				CLANG_CXX_LANGUAGE_STANDARD = "gnu++0x";
				CLANG_CXX_LIBRARY = "libc++";
				CLANG_ENABLE_MODULES = YES;
				CLANG_ENABLE_OBJC_ARC = YES;
				CLANG_WARN_BOOL_CONVERSION = YES;
				CLANG_WARN_CONSTANT_CONVERSION = YES;
				CLANG_WARN_DIRECT_OBJC_ISA_USAGE = YES_ERROR;
				CLANG_WARN_EMPTY_BODY = YES;
				CLANG_WARN_ENUM_CONVERSION = YES;
				CLANG_WARN_INT_CONVERSION = YES;
				CLANG_WARN_OBJC_ROOT_CLASS = YES_ERROR;
				CLANG_WARN_UNREACHABLE_CODE = YES;
				CLANG_WARN__DUPLICATE_METHOD_MATCH = YES;
				"CODE_SIGN_IDENTITY[sdk=iphoneos*]" = "iPhone Developer";
				COPY_PHASE_STRIP = NO;
				DEBUG_INFORMATION_FORMAT = "dwarf-with-dsym";
				ENABLE_NS_ASSERTIONS = NO;
				ENABLE_STRICT_OBJC_MSGSEND = YES;
				GCC_C_LANGUAGE_STANDARD = gnu99;
				GCC_NO_COMMON_BLOCKS = YES;
				GCC_WARN_64_TO_32_BIT_CONVERSION = YES;
				GCC_WARN_ABOUT_RETURN_TYPE = YES_ERROR;
				GCC_WARN_UNDECLARED_SELECTOR = YES;
				GCC_WARN_UNINITIALIZED_AUTOS = YES_AGGRESSIVE;
				GCC_WARN_UNUSED_FUNCTION = YES;
				GCC_WARN_UNUSED_VARIABLE = YES;
				IPHONEOS_DEPLOYMENT_TARGET = 9.2;
				MTL_ENABLE_DEBUG_INFO = NO;
				SDKROOT = iphoneos;
				VALIDATE_PRODUCT = YES;
			};
			name = Release;
		};
		F7AD603C1C9E9E7D009071AB /* Debug */ = {
			isa = XCBuildConfiguration;
			buildSettings = {
				ASSETCATALOG_COMPILER_APPICON_NAME = AppIcon;
				INFOPLIST_FILE = IHAD/Info.plist;
				LD_RUNPATH_SEARCH_PATHS = "$(inherited) @executable_path/Frameworks";
				PRODUCT_BUNDLE_IDENTIFIER = com.zwj.IHAD;
				PRODUCT_NAME = "$(TARGET_NAME)";
			};
			name = Debug;
		};
		F7AD603D1C9E9E7D009071AB /* Release */ = {
			isa = XCBuildConfiguration;
			buildSettings = {
				ASSETCATALOG_COMPILER_APPICON_NAME = AppIcon;
				INFOPLIST_FILE = IHAD/Info.plist;
				LD_RUNPATH_SEARCH_PATHS = "$(inherited) @executable_path/Frameworks";
				PRODUCT_BUNDLE_IDENTIFIER = com.zwj.IHAD;
				PRODUCT_NAME = "$(TARGET_NAME)";
			};
			name = Release;
		};
		F7AD603F1C9E9E7D009071AB /* Debug */ = {
			isa = XCBuildConfiguration;
			buildSettings = {
				BUNDLE_LOADER = "$(TEST_HOST)";
				INFOPLIST_FILE = IHADTests/Info.plist;
				LD_RUNPATH_SEARCH_PATHS = "$(inherited) @executable_path/Frameworks @loader_path/Frameworks";
				PRODUCT_BUNDLE_IDENTIFIER = com.zwj.IHADTests;
				PRODUCT_NAME = "$(TARGET_NAME)";
				TEST_HOST = "$(BUILT_PRODUCTS_DIR)/IHAD.app/IHAD";
			};
			name = Debug;
		};
		F7AD60401C9E9E7D009071AB /* Release */ = {
			isa = XCBuildConfiguration;
			buildSettings = {
				BUNDLE_LOADER = "$(TEST_HOST)";
				INFOPLIST_FILE = IHADTests/Info.plist;
				LD_RUNPATH_SEARCH_PATHS = "$(inherited) @executable_path/Frameworks @loader_path/Frameworks";
				PRODUCT_BUNDLE_IDENTIFIER = com.zwj.IHADTests;
				PRODUCT_NAME = "$(TARGET_NAME)";
				TEST_HOST = "$(BUILT_PRODUCTS_DIR)/IHAD.app/IHAD";
			};
			name = Release;
		};
		F7AD60421C9E9E7D009071AB /* Debug */ = {
			isa = XCBuildConfiguration;
			buildSettings = {
				INFOPLIST_FILE = IHADUITests/Info.plist;
				LD_RUNPATH_SEARCH_PATHS = "$(inherited) @executable_path/Frameworks @loader_path/Frameworks";
				PRODUCT_BUNDLE_IDENTIFIER = com.zwj.IHADUITests;
				PRODUCT_NAME = "$(TARGET_NAME)";
				TEST_TARGET_NAME = IHAD;
				USES_XCTRUNNER = YES;
			};
			name = Debug;
		};
		F7AD60431C9E9E7D009071AB /* Release */ = {
			isa = XCBuildConfiguration;
			buildSettings = {
				INFOPLIST_FILE = IHADUITests/Info.plist;
				LD_RUNPATH_SEARCH_PATHS = "$(inherited) @executable_path/Frameworks @loader_path/Frameworks";
				PRODUCT_BUNDLE_IDENTIFIER = com.zwj.IHADUITests;
				PRODUCT_NAME = "$(TARGET_NAME)";
				TEST_TARGET_NAME = IHAD;
				USES_XCTRUNNER = YES;
			};
			name = Release;
		};
/* End XCBuildConfiguration section */

/* Begin XCConfigurationList section */
		F7AD60091C9E9E7D009071AB /* Build configuration list for PBXProject "IHAD" */ = {
			isa = XCConfigurationList;
			buildConfigurations = (
				F7AD60391C9E9E7D009071AB /* Debug */,
				F7AD603A1C9E9E7D009071AB /* Release */,
			);
			defaultConfigurationIsVisible = 0;
			defaultConfigurationName = Release;
		};
		F7AD603B1C9E9E7D009071AB /* Build configuration list for PBXNativeTarget "IHAD" */ = {
			isa = XCConfigurationList;
			buildConfigurations = (
				F7AD603C1C9E9E7D009071AB /* Debug */,
				F7AD603D1C9E9E7D009071AB /* Release */,
			);
			defaultConfigurationIsVisible = 0;
		};
		F7AD603E1C9E9E7D009071AB /* Build configuration list for PBXNativeTarget "IHADTests" */ = {
			isa = XCConfigurationList;
			buildConfigurations = (
				F7AD603F1C9E9E7D009071AB /* Debug */,
				F7AD60401C9E9E7D009071AB /* Release */,
			);
			defaultConfigurationIsVisible = 0;
		};
		F7AD60411C9E9E7D009071AB /* Build configuration list for PBXNativeTarget "IHADUITests" */ = {
			isa = XCConfigurationList;
			buildConfigurations = (
				F7AD60421C9E9E7D009071AB /* Debug */,
				F7AD60431C9E9E7D009071AB /* Release */,
			);
			defaultConfigurationIsVisible = 0;
		};
/* End XCConfigurationList section */
	};
	rootObject = F7AD60061C9E9E7D009071AB /* Project object */;
}
